
Microsoft Visual Studio Solution File, Format Version 12.00
# Visual Studio Version 16
VisualStudioVersion = 16.0.30907.101
MinimumVisualStudioVersion = 10.0.40219.1
Project("{9A19103F-16F7-4668-BE54-9A1E7A4F7556}") = "KampIntro", "KampIntro\KampIntro.csproj", "{0D241FD8-9B19-4448-82DD-60B91BF0231C}"
EndProject
Project("{9A19103F-16F7-4668-BE54-9A1E7A4F7556}") = "Donguler", "Donguler\Donguler.csproj", "{89D0FF04-6F0E-4166-9EAC-4224AD5A3668}"
EndProject
Project("{9A19103F-16F7-4668-BE54-9A1E7A4F7556}") = "Metotlar", "Metotlar\Metotlar.csproj", "{F60B8931-2DDE-4553-B574-7A52CE248B79}"
EndProject
Project("{FAE04EC0-301F-11D3-BF4B-00C04F79EFBC}") = "UcuncuDersOdev", "UcuncuDersOdev\UcuncuDersOdev.csproj", "{B6F0FE6E-3623-40E1-B03B-0F4644323F03}"
EndProject
Project("{9A19103F-16F7-4668-BE54-9A1E7A4F7556}") = "OOP1", "OOP1\OOP1.csproj", "{D13D2C3D-A0FC-4FDB-BAD3-61B59063ED53}"
EndProject
Project("{FAE04EC0-301F-11D3-BF4B-00C04F79EFBC}") = "Koleksiyonlar", "Koleksiyonlar\Koleksiyonlar.csproj", "{639C5ADB-A06E-4D99-BDE1-40B112CC6B26}"
EndProject
Project("{FAE04EC0-301F-11D3-BF4B-00C04F79EFBC}") = "GenericsIntro", "GenericsIntro\GenericsIntro.csproj", "{968066CA-43B4-41D7-A267-A88E19EF53D3}"
EndProject
Global
	GlobalSection(SolutionConfigurationPlatforms) = preSolution
		Debug|Any CPU = Debug|Any CPU
		Release|Any CPU = Release|Any CPU
	EndGlobalSection
	GlobalSection(ProjectConfigurationPlatforms) = postSolution
		{0D241FD8-9B19-4448-82DD-60B91BF0231C}.Debug|Any CPU.ActiveCfg = Debug|Any CPU
		{0D241FD8-9B19-4448-82DD-60B91BF0231C}.Debug|Any CPU.Build.0 = Debug|Any CPU
		{0D241FD8-9B19-4448-82DD-60B91BF0231C}.Release|Any CPU.ActiveCfg = Release|Any CPU
		{0D241FD8-9B19-4448-82DD-60B91BF0231C}.Release|Any CPU.Build.0 = Release|Any CPU
		{89D0FF04-6F0E-4166-9EAC-4224AD5A3668}.Debug|Any CPU.ActiveCfg = Debug|Any CPU
		{89D0FF04-6F0E-4166-9EAC-4224AD5A3668}.Debug|Any CPU.Build.0 = Debug|Any CPU
		{89D0FF04-6F0E-4166-9EAC-4224AD5A3668}.Release|Any CPU.ActiveCfg = Release|Any CPU
		{89D0FF04-6F0E-4166-9EAC-4224AD5A3668}.Release|Any CPU.Build.0 = Release|Any CPU
		{F60B8931-2DDE-4553-B574-7A52CE248B79}.Debug|Any CPU.ActiveCfg = Debug|Any CPU
		{F60B8931-2DDE-4553-B574-7A52CE248B79}.Debug|Any CPU.Build.0 = Debug|Any CPU
		{F60B8931-2DDE-4553-B574-7A52CE248B79}.Release|Any CPU.ActiveCfg = Release|Any CPU
		{F60B8931-2DDE-4553-B574-7A52CE248B79}.Release|Any CPU.Build.0 = Release|Any CPU
		{B6F0FE6E-3623-40E1-B03B-0F4644323F03}.Debug|Any CPU.ActiveCfg = Debug|Any CPU
		{B6F0FE6E-3623-40E1-B03B-0F4644323F03}.Debug|Any CPU.Build.0 = Debug|Any CPU
		{B6F0FE6E-3623-40E1-B03B-0F4644323F03}.Release|Any CPU.ActiveCfg = Release|Any CPU
		{B6F0FE6E-3623-40E1-B03B-0F4644323F03}.Release|Any CPU.Build.0 = Release|Any CPU
		{D13D2C3D-A0FC-4FDB-BAD3-61B59063ED53}.Debug|Any CPU.ActiveCfg = Debug|Any CPU
		{D13D2C3D-A0FC-4FDB-BAD3-61B59063ED53}.Debug|Any CPU.Build.0 = Debug|Any CPU
		{D13D2C3D-A0FC-4FDB-BAD3-61B59063ED53}.Release|Any CPU.ActiveCfg = Release|Any CPU
		{D13D2C3D-A0FC-4FDB-BAD3-61B59063ED53}.Release|Any CPU.Build.0 = Release|Any CPU
		{639C5ADB-A06E-4D99-BDE1-40B112CC6B26}.Debug|Any CPU.ActiveCfg = Debug|Any CPU
		{639C5ADB-A06E-4D99-BDE1-40B112CC6B26}.Debug|Any CPU.Build.0 = Debug|Any CPU
		{639C5ADB-A06E-4D99-BDE1-40B112CC6B26}.Release|Any CPU.ActiveCfg = Release|Any CPU
		{639C5ADB-A06E-4D99-BDE1-40B112CC6B26}.Release|Any CPU.Build.0 = Release|Any CPU
		{968066CA-43B4-41D7-A267-A88E19EF53D3}.Debug|Any CPU.ActiveCfg = Debug|Any CPU
		{968066CA-43B4-41D7-A267-A88E19EF53D3}.Debug|Any CPU.Build.0 = Debug|Any CPU
		{968066CA-43B4-41D7-A267-A88E19EF53D3}.Release|Any CPU.ActiveCfg = Release|Any CPU
		{968066CA-43B4-41D7-A267-A88E19EF53D3}.Release|Any CPU.Build.0 = Release|Any CPU
	EndGlobalSection
	GlobalSection(SolutionProperties) = preSolution
		HideSolutionNode = FALSE
	EndGlobalSection
	GlobalSection(ExtensibilityGlobals) = postSolution
		SolutionGuid = {A2AFE8D0-BCD3-4CBB-8E91-03393C88584C}
	EndGlobalSection
EndGlobal
